{
    "_readme": [
        "This file locks the dependencies of your project to a known state",
        "Read more about it at https://getcomposer.org/doc/01-basic-usage.md#installing-dependencies",
        "This file is @generated automatically"
    ],
    "content-hash": "ad7d33ac3a67d734e3fede0dee485c11",
    "packages": [
        {
            "name": "elegance/cif-code",
            "version": "dev-main",
            "source": {
                "type": "git",
                "url": "https://github.com/elegance-php/cif-code.git",
                "reference": "cfa98df94d8b7978615e1fad9f94d3c569e28d50"
            },
            "dist": {
                "type": "zip",
                "url": "https://api.github.com/repos/elegance-php/cif-code/zipball/cfa98df94d8b7978615e1fad9f94d3c569e28d50",
                "reference": "cfa98df94d8b7978615e1fad9f94d3c569e28d50",
                "shasum": ""
            },
            "require": {
                "elegance/core": "dev-main",
                "elegance/mxcmd": "dev-main"
            },
            "default-branch": true,
            "type": "library",
            "autoload": {
                "files": [
                    "helper/script/env.php"
                ],
                "psr-4": {
                    "": "class/"
                }
            },
            "notification-url": "https://packagist.org/downloads/",
            "license": [
                "MIT"
            ],
            "authors": [
                {
                    "name": "André Ricardo",
                    "email": "contatoadmx@gamil.com"
                }
            ],
            "description": "Aplica camada de cifra e codificação",
            "support": {
                "issues": "https://github.com/elegance-php/cif-code/issues",
                "source": "https://github.com/elegance-php/cif-code/tree/main"
            },
            "time": "2023-03-26T23:41:36+00:00"
        },
        {
            "name": "elegance/core",
            "version": "dev-main",
            "source": {
                "type": "git",
                "url": "https://github.com/elegance-php/core.git",
                "reference": "0501a4c1fd06ed3b1d0920f4a656aad38d742cec"
            },
            "dist": {
                "type": "zip",
                "url": "https://api.github.com/repos/elegance-php/core/zipball/0501a4c1fd06ed3b1d0920f4a656aad38d742cec",
                "reference": "0501a4c1fd06ed3b1d0920f4a656aad38d742cec",
                "shasum": ""
            },
            "require": {
                "ext-mbstring": "*",
                "php": "^8.1"
            },
            "default-branch": true,
            "type": "library",
            "autoload": {
                "files": [
                    "helper/constant/char_normalizer.php",
                    "helper/function/dbug.php",
                    "helper/function/env.php",
                    "helper/function/is.php",
                    "helper/function/jsonFile.php",
                    "helper/function/num.php",
                    "helper/function/path.php",
                    "helper/function/prepare.php",
                    "helper/function/remove_accents.php",
                    "helper/function/str.php",
                    "helper/function/url.php",
                    "helper/script/env.php"
                ],
                "psr-4": {
                    "": "class/"
                }
            },
            "notification-url": "https://packagist.org/downloads/",
            "license": [
                "MIT"
            ],
            "authors": [
                {
                    "name": "André Ricardo",
                    "email": "contatoadmx@gamil.com"
                }
            ],
            "description": "Núcleo para funcionamento de aplicações Elegance",
            "support": {
                "issues": "https://github.com/elegance-php/core/issues",
                "source": "https://github.com/elegance-php/core/tree/main"
            },
            "time": "2023-03-27T21:10:28+00:00"
        },
        {
            "name": "elegance/mxcmd",
            "version": "dev-main",
            "source": {
                "type": "git",
                "url": "https://github.com/elegance-php/mxcmd.git",
                "reference": "9a3ee272af8d219f7e8c56dd20168a7c773c4f26"
            },
            "dist": {
                "type": "zip",
                "url": "https://api.github.com/repos/elegance-php/mxcmd/zipball/9a3ee272af8d219f7e8c56dd20168a7c773c4f26",
                "reference": "9a3ee272af8d219f7e8c56dd20168a7c773c4f26",
                "shasum": ""
            },
            "require": {
                "elegance/core": "dev-main"
            },
            "default-branch": true,
            "type": "library",
            "autoload": {
                "files": [
                    "helper/constant/is_terminal.php"
                ],
                "psr-4": {
                    "": "class/"
                }
            },
            "notification-url": "https://packagist.org/downloads/",
            "license": [
                "MIT"
            ],
            "authors": [
                {
                    "name": "André Ricardo",
                    "email": "contatoadmx@gamil.com"
                }
            ],
            "description": "Abre um projeto PHP para ser acessado via terminal",
            "support": {
                "issues": "https://github.com/elegance-php/mxcmd/issues",
                "source": "https://github.com/elegance-php/mxcmd/tree/main"
            },
            "time": "2023-03-26T23:48:07+00:00"
        },
        {
            "name": "league/uri",
            "version": "dev-master",
            "source": {
                "type": "git",
                "url": "https://github.com/thephpleague/uri.git",
                "reference": "a0714252adedd810fbb0b3a55e0e93bb06ef5b15"
            },
            "dist": {
                "type": "zip",
                "url": "https://api.github.com/repos/thephpleague/uri/zipball/a0714252adedd810fbb0b3a55e0e93bb06ef5b15",
                "reference": "a0714252adedd810fbb0b3a55e0e93bb06ef5b15",
                "shasum": ""
            },
            "require": {
                "ext-json": "*",
                "league/uri-interfaces": "^2.4",
                "php": "^8.1",
                "psr/http-message": "^1.0"
            },
            "conflict": {
                "league/uri-schemes": "^1.0"
            },
            "suggest": {
                "ext-fileinfo": "Needed to create Data URI from a filepath",
                "ext-intl": "Needed to improve host validation",
                "league/uri-components": "Needed to easily manipulate URI objects",
                "psr/http-factory": "Needed to use the URI factory"
            },
            "default-branch": true,
            "type": "library",
            "extra": {
                "branch-alias": {
                    "dev-master": "6.x-dev"
                }
            },
            "autoload": {
                "psr-4": {
                    "League\\Uri\\": ""
                }
            },
            "notification-url": "https://packagist.org/downloads/",
            "license": [
                "MIT"
            ],
            "authors": [
                {
                    "name": "Ignace Nyamagana Butera",
                    "email": "nyamsprod@gmail.com",
                    "homepage": "https://nyamsprod.com"
                }
            ],
            "description": "URI manipulation library",
            "homepage": "https://uri.thephpleague.com",
            "keywords": [
                "data-uri",
                "file-uri",
                "ftp",
                "hostname",
                "http",
                "https",
                "middleware",
                "parse_str",
                "parse_url",
                "psr-7",
                "query-string",
                "querystring",
                "rfc3986",
                "rfc3987",
                "rfc6570",
                "uri",
                "uri-template",
                "url",
                "ws"
            ],
            "support": {
                "docs": "https://uri.thephpleague.com",
                "forum": "https://thephpleague.slack.com",
                "issues": "https://github.com/thephpleague/uri-src/issues",
                "source": "https://github.com/thephpleague/uri/tree/master"
            },
            "funding": [
                {
                    "url": "https://github.com/sponsors/nyamsprod",
                    "type": "github"
                }
            ],
            "time": "2023-02-26T20:53:13+00:00"
        },
        {
            "name": "league/uri-interfaces",
            "version": "dev-master",
            "source": {
                "type": "git",
                "url": "https://github.com/thephpleague/uri-interfaces.git",
                "reference": "a8f4f7dd8f9d989504305637e71baffaa5e3ace9"
            },
            "dist": {
                "type": "zip",
                "url": "https://api.github.com/repos/thephpleague/uri-interfaces/zipball/a8f4f7dd8f9d989504305637e71baffaa5e3ace9",
                "reference": "a8f4f7dd8f9d989504305637e71baffaa5e3ace9",
                "shasum": ""
            },
            "require": {
                "php": "^8.1"
            },
            "suggest": {
                "ext-intl": "to use the IDNA feature",
                "symfony/polyfill-intl-idn": "to use the IDNA feature via Symfony Polyfill"
            },
            "default-branch": true,
            "type": "library",
            "extra": {
                "branch-alias": {
                    "dev-master": "2.x-dev"
                }
            },
            "autoload": {
                "psr-4": {
                    "League\\Uri\\": ""
                }
            },
            "notification-url": "https://packagist.org/downloads/",
            "license": [
                "MIT"
            ],
            "authors": [
                {
                    "name": "Ignace Nyamagana Butera",
                    "email": "nyamsprod@gmail.com",
                    "homepage": "https://nyamsprod.com"
                }
            ],
            "description": "Common interfaces and classes for URI representation and interaction",
            "homepage": "https://uri.thephpleague.com",
            "keywords": [
                "authority",
                "components",
                "fragment",
                "host",
                "idna",
                "path",
                "port",
                "query",
                "rfc3986",
                "scheme",
                "uri",
                "url",
                "userinfo"
            ],
            "support": {
                "docs": "https://uri.thephpleague.com",
                "forum": "https://thephpleague.slack.com",
                "issues": "https://github.com/thephpleague/uri-src/issues",
                "source": "https://github.com/thephpleague/uri-interfaces/tree/master"
            },
            "funding": [
                {
                    "url": "https://github.com/sponsors/nyamsprod",
                    "type": "github"
                }
            ],
            "time": "2023-02-26T20:53:13+00:00"
        },
        {
            "name": "psr/http-message",
            "version": "dev-master",
            "source": {
                "type": "git",
                "url": "https://github.com/php-fig/http-message.git",
                "reference": "efd67d1dc14a7ef4fc4e518e7dee91c271d524e4"
            },
            "dist": {
                "type": "zip",
                "url": "https://api.github.com/repos/php-fig/http-message/zipball/efd67d1dc14a7ef4fc4e518e7dee91c271d524e4",
                "reference": "efd67d1dc14a7ef4fc4e518e7dee91c271d524e4",
                "shasum": ""
            },
            "require": {
                "php": ">=5.3.0"
            },
            "default-branch": true,
            "type": "library",
            "extra": {
                "branch-alias": {
                    "dev-master": "1.0.x-dev"
                }
            },
            "autoload": {
                "psr-4": {
                    "Psr\\Http\\Message\\": "src/"
                }
            },
            "notification-url": "https://packagist.org/downloads/",
            "license": [
                "MIT"
            ],
            "authors": [
                {
                    "name": "PHP-FIG",
                    "homepage": "http://www.php-fig.org/"
                }
            ],
            "description": "Common interface for HTTP messages",
            "homepage": "https://github.com/php-fig/http-message",
            "keywords": [
                "http",
                "http-message",
                "psr",
                "psr-7",
                "request",
                "response"
            ],
            "support": {
                "source": "https://github.com/php-fig/http-message/tree/master"
            },
            "time": "2019-08-29T13:16:46+00:00"
        },
        {
            "name": "scssphp/scssphp",
            "version": "dev-master",
            "source": {
                "type": "git",
                "url": "https://github.com/scssphp/scssphp.git",
                "reference": "957888e3779f2ddce922a0c41e736c45b6686b3c"
            },
            "dist": {
                "type": "zip",
                "url": "https://api.github.com/repos/scssphp/scssphp/zipball/957888e3779f2ddce922a0c41e736c45b6686b3c",
                "reference": "957888e3779f2ddce922a0c41e736c45b6686b3c",
                "shasum": ""
            },
            "require": {
                "ext-ctype": "*",
                "ext-json": "*",
                "league/uri": "^6.4.0",
                "league/uri-interfaces": "^2.3",
                "php": ">=7.2"
            },
            "require-dev": {
                "bamarni/composer-bin-plugin": "^1.4",
                "phpunit/phpunit": "^8.5 || ^9.5",
                "sass/sass-spec": "*",
                "squizlabs/php_codesniffer": "~3.5",
                "symfony/phpunit-bridge": "^5.1",
                "thoughtbot/bourbon": "^7.0",
                "twbs/bootstrap": "~5.0",
                "twbs/bootstrap4": "4.6.1",
                "zurb/foundation": "~6.5"
            },
            "suggest": {
                "ext-iconv": "Can be used as fallback when ext-mbstring is not available",
                "ext-mbstring": "For best performance, mbstring should be installed as it is faster than ext-iconv"
            },
            "default-branch": true,
            "type": "library",
            "extra": {
                "bamarni-bin": {
                    "forward-command": false,
                    "bin-links": false
                }
            },
            "autoload": {
                "psr-4": {
                    "ScssPhp\\ScssPhp\\": "src/"
                }
            },
            "notification-url": "https://packagist.org/downloads/",
            "license": [
                "MIT"
            ],
            "authors": [
                {
                    "name": "Anthon Pang",
                    "email": "apang@softwaredevelopment.ca",
                    "homepage": "https://github.com/robocoder"
                },
                {
                    "name": "Cédric Morin",
                    "email": "cedric@yterium.com",
                    "homepage": "https://github.com/Cerdic"
                }
            ],
            "description": "scssphp is a compiler for SCSS written in PHP.",
            "homepage": "http://scssphp.github.io/scssphp/",
            "keywords": [
                "css",
                "less",
                "sass",
                "scss",
                "stylesheet"
            ],
            "support": {
                "issues": "https://github.com/scssphp/scssphp/issues",
                "source": "https://github.com/scssphp/scssphp/tree/master"
            },
            "time": "2022-10-21T17:43:45+00:00"
        }
    ],
    "packages-dev": [],
    "aliases": [],
    "minimum-stability": "dev",
    "stability-flags": {
        "elegance/core": 20,
        "elegance/mxcmd": 20,
        "elegance/cif-code": 20,
        "scssphp/scssphp": 20
    },
    "prefer-stable": false,
    "prefer-lowest": false,
    "platform": [],
    "platform-dev": [],
    "plugin-api-version": "2.2.0"
}
