{
    "_readme": [
        "This file locks the dependencies of your project to a known state",
        "Read more about it at https://getcomposer.org/doc/01-basic-usage.md#installing-dependencies",
        "This file is @generated automatically"
    ],
    "content-hash": "5445775595774f984e0de63d59ba812a",
    "packages": [
        {
            "name": "elegance/cif-code",
            "version": "dev-main",
            "source": {
                "type": "git",
                "url": "https://github.com/elegance-php/cif-code.git",
                "reference": "cfa98df94d8b7978615e1fad9f94d3c569e28d50"
            },
            "dist": {
                "type": "zip",
                "url": "https://api.github.com/repos/elegance-php/cif-code/zipball/cfa98df94d8b7978615e1fad9f94d3c569e28d50",
                "reference": "cfa98df94d8b7978615e1fad9f94d3c569e28d50",
                "shasum": ""
            },
            "require": {
                "elegance/core": "dev-main",
                "elegance/mxcmd": "dev-main"
            },
            "default-branch": true,
            "type": "library",
            "autoload": {
                "files": [
                    "helper/script/env.php"
                ],
                "psr-4": {
                    "": "class/"
                }
            },
            "notification-url": "https://packagist.org/downloads/",
            "license": [
                "MIT"
            ],
            "authors": [
                {
                    "name": "André Ricardo",
                    "email": "contatoadmx@gamil.com"
                }
            ],
            "description": "Aplica camada de cifra e codificação",
            "support": {
                "issues": "https://github.com/elegance-php/cif-code/issues",
                "source": "https://github.com/elegance-php/cif-code/tree/main"
            },
            "time": "2023-03-26T23:41:36+00:00"
        },
        {
            "name": "elegance/core",
            "version": "dev-main",
            "source": {
                "type": "git",
                "url": "https://github.com/elegance-php/core.git",
                "reference": "4e3837c78fed56bb7648d7e0ef3374ea2d964529"
            },
            "dist": {
                "type": "zip",
                "url": "https://api.github.com/repos/elegance-php/core/zipball/4e3837c78fed56bb7648d7e0ef3374ea2d964529",
                "reference": "4e3837c78fed56bb7648d7e0ef3374ea2d964529",
                "shasum": ""
            },
            "require": {
                "ext-mbstring": "*",
                "php": "^8.1"
            },
            "default-branch": true,
            "type": "library",
            "autoload": {
                "files": [
                    "helper/constant/char_normalizer.php",
                    "helper/function/dbug.php",
                    "helper/function/env.php",
                    "helper/function/is.php",
                    "helper/function/jsonFile.php",
                    "helper/function/num.php",
                    "helper/function/path.php",
                    "helper/function/prepare.php",
                    "helper/function/remove_accents.php",
                    "helper/function/str.php",
                    "helper/function/url.php",
                    "helper/script/env.php"
                ],
                "psr-4": {
                    "": "class/"
                }
            },
            "notification-url": "https://packagist.org/downloads/",
            "license": [
                "MIT"
            ],
            "authors": [
                {
                    "name": "André Ricardo",
                    "email": "contatoadmx@gamil.com"
                }
            ],
            "description": "Núcleo para funcionamento de aplicações Elegance",
            "support": {
                "issues": "https://github.com/elegance-php/core/issues",
                "source": "https://github.com/elegance-php/core/tree/main"
            },
            "time": "2023-03-26T21:02:11+00:00"
        },
        {
            "name": "elegance/mxcmd",
            "version": "dev-main",
            "source": {
                "type": "git",
                "url": "https://github.com/elegance-php/mxcmd.git",
                "reference": "9a3ee272af8d219f7e8c56dd20168a7c773c4f26"
            },
            "dist": {
                "type": "zip",
                "url": "https://api.github.com/repos/elegance-php/mxcmd/zipball/9a3ee272af8d219f7e8c56dd20168a7c773c4f26",
                "reference": "9a3ee272af8d219f7e8c56dd20168a7c773c4f26",
                "shasum": ""
            },
            "require": {
                "elegance/core": "dev-main"
            },
            "default-branch": true,
            "type": "library",
            "autoload": {
                "files": [
                    "helper/constant/is_terminal.php"
                ],
                "psr-4": {
                    "": "class/"
                }
            },
            "notification-url": "https://packagist.org/downloads/",
            "license": [
                "MIT"
            ],
            "authors": [
                {
                    "name": "André Ricardo",
                    "email": "contatoadmx@gamil.com"
                }
            ],
            "description": "Abre um projeto PHP para ser acessado via terminal",
            "support": {
                "issues": "https://github.com/elegance-php/mxcmd/issues",
                "source": "https://github.com/elegance-php/mxcmd/tree/main"
            },
            "time": "2023-03-26T23:48:07+00:00"
        }
    ],
    "packages-dev": [],
    "aliases": [],
    "minimum-stability": "dev",
    "stability-flags": {
        "elegance/core": 20,
        "elegance/mxcmd": 20,
        "elegance/cif-code": 20
    },
    "prefer-stable": false,
    "prefer-lowest": false,
    "platform": [],
    "platform-dev": [],
    "plugin-api-version": "2.2.0"
}
